
Microsoft Visual Studio Solution File, Format Version 12.00
# Visual Studio Version 17
VisualStudioVersion = 17.2.32519.379
MinimumVisualStudioVersion = 10.0.40219.1
Project("{9A19103F-16F7-4668-BE54-9A1E7A4F7556}") = "ZombieJam.Desktop", "ZombieJam.Desktop\ZombieJam.Desktop.csproj", "{3A921C83-B8FF-419C-B845-04F3DB82ACCC}"
EndProject
Global
	GlobalSection(SolutionConfigurationPlatforms) = preSolution
		Debug|Any CPU = Debug|Any CPU
		Release|Any CPU = Release|Any CPU
	EndGlobalSection
	GlobalSection(ProjectConfigurationPlatforms) = postSolution
		{3A921C83-B8FF-419C-B845-04F3DB82ACCC}.Debug|Any CPU.ActiveCfg = Debug|Any CPU
		{3A921C83-B8FF-419C-B845-04F3DB82ACCC}.Debug|Any CPU.Build.0 = Debug|Any CPU
		{3A921C83-B8FF-419C-B845-04F3DB82ACCC}.Release|Any CPU.ActiveCfg = Release|Any CPU
		{3A921C83-B8FF-419C-B845-04F3DB82ACCC}.Release|Any CPU.Build.0 = Release|Any CPU
	EndGlobalSection
	GlobalSection(SolutionProperties) = preSolution
		HideSolutionNode = FALSE
	EndGlobalSection
	GlobalSection(ExtensibilityGlobals) = postSolution
		SolutionGuid = {BD791CBB-9014-4E1D-8628-8EC078368962}
	EndGlobalSection
EndGlobal
